
Microsoft Visual Studio Solution File, Format Version 12.00
# Visual Studio Version 16
VisualStudioVersion = 16.0.29021.104
MinimumVisualStudioVersion = 10.0.40219.1
Project("{F184B08F-C81C-45F6-A57F-5ABD9991F28F}") = "prClase1", "prClase1\prClase1\prClase1.vbproj", "{F9FAA4C6-523C-4E45-AC36-B1793B837090}"
EndProject
Project("{F184B08F-C81C-45F6-A57F-5ABD9991F28F}") = "prControles", "prControles\prControles\prControles.vbproj", "{D6091930-9022-4D24-AD96-F52F911CA2E3}"
EndProject
Project("{F184B08F-C81C-45F6-A57F-5ABD9991F28F}") = "prEstructurasCondicionales", "prEstructurasCondicionales\prEstructurasCondicionales\prEstructurasCondicionales.vbproj", "{0149F4FC-C33C-4635-876F-9E2266F2A0D7}"
EndProject
Project("{F184B08F-C81C-45F6-A57F-5ABD9991F28F}") = "prEstructuraSecuencial", "prEstructuraSecuencial\prEstructuraSecuencial\prEstructuraSecuencial.vbproj", "{9571D795-0653-4A5C-AA2C-BAEDBA80B425}"
EndProject
Project("{F184B08F-C81C-45F6-A57F-5ABD9991F28F}") = "prOperadoresAritmeticos", "prOperadoresAritmeticos\prOperadoresAritmeticos.vbproj", "{ADBA1A51-A4AE-4645-9EF7-5E219E47AA1B}"
EndProject
Project("{F184B08F-C81C-45F6-A57F-5ABD9991F28F}") = "prUtilidad", "prUtilidad\prUtilidad.vbproj", "{81824865-9BA7-4E6A-9696-ACBAB3F80536}"
EndProject
Global
	GlobalSection(SolutionConfigurationPlatforms) = preSolution
		Debug|Any CPU = Debug|Any CPU
		Release|Any CPU = Release|Any CPU
	EndGlobalSection
	GlobalSection(ProjectConfigurationPlatforms) = postSolution
		{F9FAA4C6-523C-4E45-AC36-B1793B837090}.Debug|Any CPU.ActiveCfg = Debug|Any CPU
		{F9FAA4C6-523C-4E45-AC36-B1793B837090}.Debug|Any CPU.Build.0 = Debug|Any CPU
		{F9FAA4C6-523C-4E45-AC36-B1793B837090}.Release|Any CPU.ActiveCfg = Release|Any CPU
		{F9FAA4C6-523C-4E45-AC36-B1793B837090}.Release|Any CPU.Build.0 = Release|Any CPU
		{D6091930-9022-4D24-AD96-F52F911CA2E3}.Debug|Any CPU.ActiveCfg = Debug|Any CPU
		{D6091930-9022-4D24-AD96-F52F911CA2E3}.Debug|Any CPU.Build.0 = Debug|Any CPU
		{D6091930-9022-4D24-AD96-F52F911CA2E3}.Release|Any CPU.ActiveCfg = Release|Any CPU
		{D6091930-9022-4D24-AD96-F52F911CA2E3}.Release|Any CPU.Build.0 = Release|Any CPU
		{0149F4FC-C33C-4635-876F-9E2266F2A0D7}.Debug|Any CPU.ActiveCfg = Debug|Any CPU
		{0149F4FC-C33C-4635-876F-9E2266F2A0D7}.Debug|Any CPU.Build.0 = Debug|Any CPU
		{0149F4FC-C33C-4635-876F-9E2266F2A0D7}.Release|Any CPU.ActiveCfg = Release|Any CPU
		{0149F4FC-C33C-4635-876F-9E2266F2A0D7}.Release|Any CPU.Build.0 = Release|Any CPU
		{9571D795-0653-4A5C-AA2C-BAEDBA80B425}.Debug|Any CPU.ActiveCfg = Debug|Any CPU
		{9571D795-0653-4A5C-AA2C-BAEDBA80B425}.Debug|Any CPU.Build.0 = Debug|Any CPU
		{9571D795-0653-4A5C-AA2C-BAEDBA80B425}.Release|Any CPU.ActiveCfg = Release|Any CPU
		{9571D795-0653-4A5C-AA2C-BAEDBA80B425}.Release|Any CPU.Build.0 = Release|Any CPU
		{ADBA1A51-A4AE-4645-9EF7-5E219E47AA1B}.Debug|Any CPU.ActiveCfg = Debug|Any CPU
		{ADBA1A51-A4AE-4645-9EF7-5E219E47AA1B}.Debug|Any CPU.Build.0 = Debug|Any CPU
		{ADBA1A51-A4AE-4645-9EF7-5E219E47AA1B}.Release|Any CPU.ActiveCfg = Release|Any CPU
		{ADBA1A51-A4AE-4645-9EF7-5E219E47AA1B}.Release|Any CPU.Build.0 = Release|Any CPU
		{81824865-9BA7-4E6A-9696-ACBAB3F80536}.Debug|Any CPU.ActiveCfg = Debug|Any CPU
		{81824865-9BA7-4E6A-9696-ACBAB3F80536}.Debug|Any CPU.Build.0 = Debug|Any CPU
		{81824865-9BA7-4E6A-9696-ACBAB3F80536}.Release|Any CPU.ActiveCfg = Release|Any CPU
		{81824865-9BA7-4E6A-9696-ACBAB3F80536}.Release|Any CPU.Build.0 = Release|Any CPU
	EndGlobalSection
	GlobalSection(SolutionProperties) = preSolution
		HideSolutionNode = FALSE
	EndGlobalSection
	GlobalSection(ExtensibilityGlobals) = postSolution
		SolutionGuid = {C388F66A-AB37-4DA9-8874-84E761E3AF17}
	EndGlobalSection
EndGlobal
